
Microsoft Visual Studio Solution File, Format Version 12.00
# Visual Studio 2013
VisualStudioVersion = 12.0.31101.0
MinimumVisualStudioVersion = 10.0.40219.1
Project("{8BC9CEB8-8B4A-11D0-8D11-00A0C91BC942}") = "rpiBase", "rpiBase\rpiBase.vcxproj", "{2F93670A-9E76-4B47-A32E-3EA7BD7FDAC5}"
EndProject
Project("{8BC9CEB8-8B4A-11D0-8D11-00A0C91BC942}") = "rpiLogger", "rpiLogger\rpiLogger.vcxproj", "{79156C4B-3F4C-4640-909C-9F063F33352B}"
	ProjectSection(ProjectDependencies) = postProject
		{2F93670A-9E76-4B47-A32E-3EA7BD7FDAC5} = {2F93670A-9E76-4B47-A32E-3EA7BD7FDAC5}
	EndProjectSection
EndProject
Project("{8BC9CEB8-8B4A-11D0-8D11-00A0C91BC942}") = "rpiServiceMonitor", "rpiServiceMonitor\rpiServiceMonitor.vcxproj", "{D77169EB-2400-41C3-AC84-D9C7C47DDD1A}"
	ProjectSection(ProjectDependencies) = postProject
		{2F93670A-9E76-4B47-A32E-3EA7BD7FDAC5} = {2F93670A-9E76-4B47-A32E-3EA7BD7FDAC5}
		{79156C4B-3F4C-4640-909C-9F063F33352B} = {79156C4B-3F4C-4640-909C-9F063F33352B}
	EndProjectSection
EndProject
Project("{2150E333-8FDC-42A3-9474-1A3956D46DE8}") = "Project Files", "Project Files", "{3DB57A2C-AFB0-4C73-AB26-2DB8C35AD0CC}"
	ProjectSection(SolutionItems) = preProject
		poco.pri = poco.pri
		RaspberryPi.pro = RaspberryPi.pro
	EndProjectSection
EndProject
Project("{2150E333-8FDC-42A3-9474-1A3956D46DE8}") = "Resource Files", "Resource Files", "{475F5BDA-73D1-41CB-BF14-20C49E305744}"
	ProjectSection(SolutionItems) = preProject
		LICENSE = LICENSE
		README.md = README.md
	EndProjectSection
EndProject
Project("{8BC9CEB8-8B4A-11D0-8D11-00A0C91BC942}") = "rpiConfigurator", "rpiConfigurator\rpiConfigurator.vcxproj", "{B3ED7DFA-CBF5-461A-961D-ACBCD7DA20D3}"
	ProjectSection(ProjectDependencies) = postProject
		{2F93670A-9E76-4B47-A32E-3EA7BD7FDAC5} = {2F93670A-9E76-4B47-A32E-3EA7BD7FDAC5}
		{79156C4B-3F4C-4640-909C-9F063F33352B} = {79156C4B-3F4C-4640-909C-9F063F33352B}
	EndProjectSection
EndProject
Project("{8BC9CEB8-8B4A-11D0-8D11-00A0C91BC942}") = "rpiController", "rpiController\rpiController.vcxproj", "{48893ACA-8C84-4E16-97AC-AE1D0A61A9F9}"
EndProject
Project("{8BC9CEB8-8B4A-11D0-8D11-00A0C91BC942}") = "rpiConfig", "rpiConfig\rpiConfig.vcxproj", "{DD73F4CE-9DC0-4880-ABEF-5F41E4CB1DF6}"
EndProject
Global
	GlobalSection(SolutionConfigurationPlatforms) = preSolution
		Debug|Win32 = Debug|Win32
		Release|Win32 = Release|Win32
	EndGlobalSection
	GlobalSection(ProjectConfigurationPlatforms) = postSolution
		{2F93670A-9E76-4B47-A32E-3EA7BD7FDAC5}.Debug|Win32.ActiveCfg = Debug|Win32
		{2F93670A-9E76-4B47-A32E-3EA7BD7FDAC5}.Debug|Win32.Build.0 = Debug|Win32
		{2F93670A-9E76-4B47-A32E-3EA7BD7FDAC5}.Release|Win32.ActiveCfg = Release|Win32
		{2F93670A-9E76-4B47-A32E-3EA7BD7FDAC5}.Release|Win32.Build.0 = Release|Win32
		{79156C4B-3F4C-4640-909C-9F063F33352B}.Debug|Win32.ActiveCfg = Debug|Win32
		{79156C4B-3F4C-4640-909C-9F063F33352B}.Debug|Win32.Build.0 = Debug|Win32
		{79156C4B-3F4C-4640-909C-9F063F33352B}.Release|Win32.ActiveCfg = Release|Win32
		{79156C4B-3F4C-4640-909C-9F063F33352B}.Release|Win32.Build.0 = Release|Win32
		{D77169EB-2400-41C3-AC84-D9C7C47DDD1A}.Debug|Win32.ActiveCfg = Debug|Win32
		{D77169EB-2400-41C3-AC84-D9C7C47DDD1A}.Debug|Win32.Build.0 = Debug|Win32
		{D77169EB-2400-41C3-AC84-D9C7C47DDD1A}.Release|Win32.ActiveCfg = Release|Win32
		{D77169EB-2400-41C3-AC84-D9C7C47DDD1A}.Release|Win32.Build.0 = Release|Win32
		{B3ED7DFA-CBF5-461A-961D-ACBCD7DA20D3}.Debug|Win32.ActiveCfg = Debug|Win32
		{B3ED7DFA-CBF5-461A-961D-ACBCD7DA20D3}.Debug|Win32.Build.0 = Debug|Win32
		{B3ED7DFA-CBF5-461A-961D-ACBCD7DA20D3}.Release|Win32.ActiveCfg = Release|Win32
		{B3ED7DFA-CBF5-461A-961D-ACBCD7DA20D3}.Release|Win32.Build.0 = Release|Win32
		{48893ACA-8C84-4E16-97AC-AE1D0A61A9F9}.Debug|Win32.ActiveCfg = Debug|Win32
		{48893ACA-8C84-4E16-97AC-AE1D0A61A9F9}.Debug|Win32.Build.0 = Debug|Win32
		{48893ACA-8C84-4E16-97AC-AE1D0A61A9F9}.Release|Win32.ActiveCfg = Release|Win32
		{48893ACA-8C84-4E16-97AC-AE1D0A61A9F9}.Release|Win32.Build.0 = Release|Win32
		{DD73F4CE-9DC0-4880-ABEF-5F41E4CB1DF6}.Debug|Win32.ActiveCfg = Debug|Win32
		{DD73F4CE-9DC0-4880-ABEF-5F41E4CB1DF6}.Debug|Win32.Build.0 = Debug|Win32
		{DD73F4CE-9DC0-4880-ABEF-5F41E4CB1DF6}.Release|Win32.ActiveCfg = Release|Win32
		{DD73F4CE-9DC0-4880-ABEF-5F41E4CB1DF6}.Release|Win32.Build.0 = Release|Win32
	EndGlobalSection
	GlobalSection(SolutionProperties) = preSolution
		HideSolutionNode = FALSE
	EndGlobalSection
EndGlobal
