
Microsoft Visual Studio Solution File, Format Version 12.00
# Visual Studio 2013
VisualStudioVersion = 12.0.31101.0
MinimumVisualStudioVersion = 10.0.40219.1
Project("{8BC9CEB8-8B4A-11D0-8D11-00A0C91BC942}") = "rpiBase", "rpiBase\rpiBase.vcxproj", "{2F93670A-9E76-4B47-A32E-3EA7BD7FDAC5}"
EndProject
Project("{8BC9CEB8-8B4A-11D0-8D11-00A0C91BC942}") = "rpiLogger", "rpiLogger\rpiLogger.vcxproj", "{79156C4B-3F4C-4640-909C-9F063F33352B}"
EndProject
Project("{8BC9CEB8-8B4A-11D0-8D11-00A0C91BC942}") = "rpiServiceMonitor", "rpiServiceMonitor\rpiServiceMonitor.vcxproj", "{D77169EB-2400-41C3-AC84-D9C7C47DDD1A}"
EndProject
Global
	GlobalSection(SolutionConfigurationPlatforms) = preSolution
		Debug|Win32 = Debug|Win32
		Release|Win32 = Release|Win32
	EndGlobalSection
	GlobalSection(ProjectConfigurationPlatforms) = postSolution
		{2F93670A-9E76-4B47-A32E-3EA7BD7FDAC5}.Debug|Win32.ActiveCfg = Debug|Win32
		{2F93670A-9E76-4B47-A32E-3EA7BD7FDAC5}.Debug|Win32.Build.0 = Debug|Win32
		{2F93670A-9E76-4B47-A32E-3EA7BD7FDAC5}.Release|Win32.ActiveCfg = Release|Win32
		{2F93670A-9E76-4B47-A32E-3EA7BD7FDAC5}.Release|Win32.Build.0 = Release|Win32
		{79156C4B-3F4C-4640-909C-9F063F33352B}.Debug|Win32.ActiveCfg = Debug|Win32
		{79156C4B-3F4C-4640-909C-9F063F33352B}.Debug|Win32.Build.0 = Debug|Win32
		{79156C4B-3F4C-4640-909C-9F063F33352B}.Release|Win32.ActiveCfg = Release|Win32
		{79156C4B-3F4C-4640-909C-9F063F33352B}.Release|Win32.Build.0 = Release|Win32
		{D77169EB-2400-41C3-AC84-D9C7C47DDD1A}.Debug|Win32.ActiveCfg = Debug|Win32
		{D77169EB-2400-41C3-AC84-D9C7C47DDD1A}.Debug|Win32.Build.0 = Debug|Win32
		{D77169EB-2400-41C3-AC84-D9C7C47DDD1A}.Release|Win32.ActiveCfg = Release|Win32
		{D77169EB-2400-41C3-AC84-D9C7C47DDD1A}.Release|Win32.Build.0 = Release|Win32
	EndGlobalSection
	GlobalSection(SolutionProperties) = preSolution
		HideSolutionNode = FALSE
	EndGlobalSection
EndGlobal
