<?xml version="1.0" encoding="utf-8"?>
<Project ToolsVersion="4.0" xmlns="http://schemas.microsoft.com/developer/msbuild/2003">
  <ItemGroup>
    <Filter Include="Source files">
      <UniqueIdentifier>{0ecec53e-aa46-48f2-ad24-9b2ec9147174}</UniqueIdentifier>
      <Extensions>cpp;c;cc;cxx;def;odl;idl;hpj;bat;asm;asmx</Extensions>
    </Filter>
    <Filter Include="Header files">
      <UniqueIdentifier>{80442685-7443-48e2-b5b7-9bf30a116663}</UniqueIdentifier>
      <Extensions>h;hpp;hxx;hm;inl;inc;xsd</Extensions>
    </Filter>
    <Filter Include="Resource files">
      <UniqueIdentifier>{b086a3c5-ede0-4970-b11d-2fd944d69522}</UniqueIdentifier>
      <Extensions>rc;ico;cur;bmp;dlg;rc2;rct;bin;rgs;gif;jpg;jpeg;jpe;resx;tiff;tif;png;wav</Extensions>
    </Filter>
    <Filter Include="Project files">
      <UniqueIdentifier>{983e018f-49a0-4ad0-a852-2c6ce5a96f7d}</UniqueIdentifier>
      <Extensions>pro</Extensions>
    </Filter>
  </ItemGroup>
  <ItemGroup>
    <None Include="rpiServiceMonitor.pro">
      <Filter>Project files</Filter>
    </None>
    <None Include="release.pro">
      <Filter>Project files</Filter>
    </None>
    <None Include="debug.pro">
      <Filter>Project files</Filter>
    </None>
  </ItemGroup>
  <ItemGroup>
    <ClInclude Include="monitorconfig.h">
      <Filter>Header files</Filter>
    </ClInclude>
    <ClInclude Include="service.h">
      <Filter>Header files</Filter>
    </ClInclude>
    <ClInclude Include="servicemonitor.h">
      <Filter>Header files</Filter>
    </ClInclude>
  </ItemGroup>
  <ItemGroup>
    <ClCompile Include="main.cpp">
      <Filter>Source files</Filter>
    </ClCompile>
    <ClCompile Include="monitorconfig.cpp">
      <Filter>Source files</Filter>
    </ClCompile>
    <ClCompile Include="service.cpp">
      <Filter>Source files</Filter>
    </ClCompile>
    <ClCompile Include="servicemonitor.cpp">
      <Filter>Source files</Filter>
    </ClCompile>
  </ItemGroup>
</Project>