<?xml version="1.0" encoding="utf-8"?>
<Project ToolsVersion="4.0" xmlns="http://schemas.microsoft.com/developer/msbuild/2003">
  <ItemGroup>
    <Filter Include="Source files">
      <UniqueIdentifier>{4425a9c9-451e-4c34-908e-b1babac21e0e}</UniqueIdentifier>
      <Extensions>cpp;c;cc;cxx;def;odl;idl;hpj;bat;asm;asmx</Extensions>
    </Filter>
    <Filter Include="Header files">
      <UniqueIdentifier>{0778e413-05aa-4088-b8ae-4baf81fad1e4}</UniqueIdentifier>
      <Extensions>h;hpp;hxx;hm;inl;inc;xsd</Extensions>
    </Filter>
    <Filter Include="Resource files">
      <UniqueIdentifier>{7746b6bf-b52a-4ded-97b1-6067412a8bee}</UniqueIdentifier>
      <Extensions>rc;ico;cur;bmp;dlg;rc2;rct;bin;rgs;gif;jpg;jpeg;jpe;resx;tiff;tif;png;wav</Extensions>
    </Filter>
    <Filter Include="Project files">
      <UniqueIdentifier>{95fcc412-8728-4a29-a90f-195c10d6067f}</UniqueIdentifier>
      <Extensions>pro</Extensions>
    </Filter>
  </ItemGroup>
  <ItemGroup>
    <None Include="debug.pro">
      <Filter>Project files</Filter>
    </None>
    <None Include="release.pro">
      <Filter>Project files</Filter>
    </None>
    <None Include="rpiConfig.pro">
      <Filter>Project files</Filter>
    </None>
  </ItemGroup>
  <ItemGroup>
    <ClInclude Include="configuration.h">
      <Filter>Header files</Filter>
    </ClInclude>
    <ClInclude Include="servicemonitorconfiguration.h">
      <Filter>Header files</Filter>
    </ClInclude>
    <ClInclude Include="rpiconfig_global.h">
      <Filter>Header files</Filter>
    </ClInclude>
    <ClInclude Include="controllerconfiguration.h">
      <Filter>Header files</Filter>
    </ClInclude>
  </ItemGroup>
  <ItemGroup>
    <ClCompile Include="configuration.cpp">
      <Filter>Source files</Filter>
    </ClCompile>
    <ClCompile Include="servicemonitorconfiguration.cpp">
      <Filter>Source files</Filter>
    </ClCompile>
    <ClCompile Include="controllerconfiguration.cpp">
      <Filter>Source files</Filter>
    </ClCompile>
  </ItemGroup>
</Project>