<?xml version="1.0" encoding="utf-8"?>
<Project ToolsVersion="4.0" xmlns="http://schemas.microsoft.com/developer/msbuild/2003">
  <ItemGroup>
    <Filter Include="Source files">
      <UniqueIdentifier>{98167d8e-28c0-4857-9b8a-d612d0d8286c}</UniqueIdentifier>
      <Extensions>cpp;c;cc;cxx;def;odl;idl;hpj;bat;asm;asmx</Extensions>
    </Filter>
    <Filter Include="Header files">
      <UniqueIdentifier>{dcfcff39-4caa-4a21-8f76-d0e9b64812c6}</UniqueIdentifier>
      <Extensions>h;hpp;hxx;hm;inl;inc;xsd</Extensions>
    </Filter>
    <Filter Include="Resource files">
      <UniqueIdentifier>{d683fae1-427e-4a0c-8314-4a9570bc84c0}</UniqueIdentifier>
      <Extensions>rc;ico;cur;bmp;dlg;rc2;rct;bin;rgs;gif;jpg;jpeg;jpe;resx;tiff;tif;png;wav</Extensions>
    </Filter>
    <Filter Include="Project files">
      <UniqueIdentifier>{6b4d8ec2-54da-4e2e-86ad-01b3879f12aa}</UniqueIdentifier>
      <Extensions>pro</Extensions>
    </Filter>
  </ItemGroup>
  <ItemGroup>
    <None Include="..\..\qslog\QsLog.pri">
      <Filter>Project files</Filter>
    </None>
    <None Include="..\..\qslog\QsLogSharedLibrary.pro">
      <Filter>Project files</Filter>
    </None>
    <None Include="..\..\qslog\README.md">
      <Filter>Resource files</Filter>
    </None>
  </ItemGroup>
  <ItemGroup>
    <ClInclude Include="..\..\qslog\QsLog.h">
      <Filter>Header files</Filter>
    </ClInclude>
    <ClInclude Include="..\..\qslog\QsLogDest.h">
      <Filter>Header files</Filter>
    </ClInclude>
    <ClInclude Include="..\..\qslog\QsLogDestConsole.h">
      <Filter>Header files</Filter>
    </ClInclude>
    <ClInclude Include="..\..\qslog\QsLogDestFile.h">
      <Filter>Header files</Filter>
    </ClInclude>
    <ClInclude Include="..\..\qslog\QsLogDisableForThisFile.h">
      <Filter>Header files</Filter>
    </ClInclude>
    <ClInclude Include="..\..\qslog\QsLogLevel.h">
      <Filter>Header files</Filter>
    </ClInclude>
  </ItemGroup>
  <ItemGroup>
    <ClCompile Include="..\..\qslog\QsLog.cpp">
      <Filter>Source files</Filter>
    </ClCompile>
    <ClCompile Include="..\..\qslog\QsLogDest.cpp">
      <Filter>Source files</Filter>
    </ClCompile>
    <ClCompile Include="..\..\qslog\QsLogDestConsole.cpp">
      <Filter>Source files</Filter>
    </ClCompile>
    <ClCompile Include="..\..\qslog\QsLogDestFile.cpp">
      <Filter>Source files</Filter>
    </ClCompile>
    <ClCompile Include="..\..\qslog\QsLogDestFunctor.cpp">
      <Filter>Source files</Filter>
    </ClCompile>
  </ItemGroup>
  <ItemGroup>
    <Text Include="..\..\qslog\LICENSE.txt">
      <Filter>Resource files</Filter>
    </Text>
    <Text Include="..\..\qslog\QsLogChanges.txt">
      <Filter>Resource files</Filter>
    </Text>
    <Text Include="..\..\qslog\QsLogReadme.txt">
      <Filter>Resource files</Filter>
    </Text>
  </ItemGroup>
</Project>